
Microsoft Visual Studio Solution File, Format Version 12.00
# Visual Studio Version 17
VisualStudioVersion = 17.5.002.0
MinimumVisualStudioVersion = 10.0.40219.1
Project("{9A19103F-16F7-4668-BE54-9A1E7A4F7556}") = "TrilhaApiDesafio", "TrilhaApiDesafio.csproj", "{D18A37FE-8E9D-4053-8AC5-7FA2C92A389C}"
EndProject
Global
	GlobalSection(SolutionConfigurationPlatforms) = preSolution
		Debug|Any CPU = Debug|Any CPU
		Release|Any CPU = Release|Any CPU
	EndGlobalSection
	GlobalSection(ProjectConfigurationPlatforms) = postSolution
		{D18A37FE-8E9D-4053-8AC5-7FA2C92A389C}.Debug|Any CPU.ActiveCfg = Debug|Any CPU
		{D18A37FE-8E9D-4053-8AC5-7FA2C92A389C}.Debug|Any CPU.Build.0 = Debug|Any CPU
		{D18A37FE-8E9D-4053-8AC5-7FA2C92A389C}.Release|Any CPU.ActiveCfg = Release|Any CPU
		{D18A37FE-8E9D-4053-8AC5-7FA2C92A389C}.Release|Any CPU.Build.0 = Release|Any CPU
	EndGlobalSection
	GlobalSection(SolutionProperties) = preSolution
		HideSolutionNode = FALSE
	EndGlobalSection
	GlobalSection(ExtensibilityGlobals) = postSolution
		SolutionGuid = {DA308BF9-F029-4E9E-A350-3BA4487B35E4}
	EndGlobalSection
EndGlobal
